Microsoft Visual Studio Solution File, Format Version 12.00
# Visual Studio Version 17
VisualStudioVersion = 17.13.35931.197
MinimumVisualStudioVersion = 10.0.40219.1
Project("{FAE04EC0-301F-11D3-BF4B-00C04F79EFBC}") = "FileAnalyzer", "FileAnalyzer.csproj", "{79442A02-E64C-F619-A0BC-54AF97EC0115}"
EndProject
Global
	GlobalSection(SolutionConfigurationPlatforms) = preSolution
		Debug|Any CPU = Debug|Any CPU
		Release|Any CPU = Release|Any CPU
	EndGlobalSection
	GlobalSection(ProjectConfigurationPlatforms) = postSolution
		{79442A02-E64C-F619-A0BC-54AF97EC0115}.Debug|Any CPU.ActiveCfg = Debug|Any CPU
		{79442A02-E64C-F619-A0BC-54AF97EC0115}.Debug|Any CPU.Build.0 = Debug|Any CPU
		{79442A02-E64C-F619-A0BC-54AF97EC0115}.Release|Any CPU.ActiveCfg = Release|Any CPU
		{79442A02-E64C-F619-A0BC-54AF97EC0115}.Release|Any CPU.Build.0 = Release|Any CPU
	EndGlobalSection
	GlobalSection(SolutionProperties) = preSolution
		HideSolutionNode = FALSE
	EndGlobalSection
	GlobalSection(ExtensibilityGlobals) = postSolution
		SolutionGuid = {E9CD9000-1280-40BB-8453-EA7F97ABF452}
	EndGlobalSection
EndGlobal
